
Microsoft Visual Studio Solution File, Format Version 12.00
# Visual Studio Version 17
VisualStudioVersion = 17.7.34302.85
MinimumVisualStudioVersion = 10.0.40219.1
Project("{FAE04EC0-301F-11D3-BF4B-00C04F79EFBC}") = "OppA", "OppA\OppA.csproj", "{4C015B94-13B0-4957-8BB1-72629D31A70D}"
EndProject
Global
	GlobalSection(SolutionConfigurationPlatforms) = preSolution
		Debug|Any CPU = Debug|Any CPU
		Release|Any CPU = Release|Any CPU
	EndGlobalSection
	GlobalSection(ProjectConfigurationPlatforms) = postSolution
		{4C015B94-13B0-4957-8BB1-72629D31A70D}.Debug|Any CPU.ActiveCfg = Debug|Any CPU
		{4C015B94-13B0-4957-8BB1-72629D31A70D}.Debug|Any CPU.Build.0 = Debug|Any CPU
		{4C015B94-13B0-4957-8BB1-72629D31A70D}.Release|Any CPU.ActiveCfg = Release|Any CPU
		{4C015B94-13B0-4957-8BB1-72629D31A70D}.Release|Any CPU.Build.0 = Release|Any CPU
	EndGlobalSection
	GlobalSection(SolutionProperties) = preSolution
		HideSolutionNode = FALSE
	EndGlobalSection
	GlobalSection(ExtensibilityGlobals) = postSolution
		SolutionGuid = {8627BD9C-1365-4B71-958C-B0024206AEC0}
	EndGlobalSection
EndGlobal
